
Microsoft Visual Studio Solution File, Format Version 12.00
# Visual Studio Version 16
VisualStudioVersion = 16.0.30804.86
MinimumVisualStudioVersion = 10.0.40219.1
Project("{9A19103F-16F7-4668-BE54-9A1E7A4F7556}") = "StocksReport", "StocksReport\StocksReport.csproj", "{4979AA54-9B6F-4FAA-9259-51FBF2E7B1B6}"
EndProject
Global
	GlobalSection(SolutionConfigurationPlatforms) = preSolution
		Debug|Any CPU = Debug|Any CPU
		Release|Any CPU = Release|Any CPU
	EndGlobalSection
	GlobalSection(ProjectConfigurationPlatforms) = postSolution
		{4979AA54-9B6F-4FAA-9259-51FBF2E7B1B6}.Debug|Any CPU.ActiveCfg = Debug|Any CPU
		{4979AA54-9B6F-4FAA-9259-51FBF2E7B1B6}.Debug|Any CPU.Build.0 = Debug|Any CPU
		{4979AA54-9B6F-4FAA-9259-51FBF2E7B1B6}.Release|Any CPU.ActiveCfg = Release|Any CPU
		{4979AA54-9B6F-4FAA-9259-51FBF2E7B1B6}.Release|Any CPU.Build.0 = Release|Any CPU
	EndGlobalSection
	GlobalSection(SolutionProperties) = preSolution
		HideSolutionNode = FALSE
	EndGlobalSection
	GlobalSection(ExtensibilityGlobals) = postSolution
		SolutionGuid = {721EB85D-00C4-452E-A6FA-FED934DDD3A3}
	EndGlobalSection
EndGlobal
