
Microsoft Visual Studio Solution File, Format Version 12.00
# Visual Studio Version 16
VisualStudioVersion = 16.0.30804.86
MinimumVisualStudioVersion = 10.0.40219.1
Project("{9A19103F-16F7-4668-BE54-9A1E7A4F7556}") = "StocksReport", "..\StocksReport\StocksReport.csproj", "{A3442DD3-33C1-4311-B885-5A96B76915D1}"
EndProject
Project("{9A19103F-16F7-4668-BE54-9A1E7A4F7556}") = "GcExcelInWindows", "GcExcelInWindows.csproj", "{B9F71754-7421-428E-A276-C1B1AA13ECC7}"
EndProject
Project("{9A19103F-16F7-4668-BE54-9A1E7A4F7556}") = "ConsoleApp1", "..\ConsoleApp1\ConsoleApp1.csproj", "{71D1E888-3C18-442B-AEC3-F2524147B2FB}"
EndProject
Global
	GlobalSection(SolutionConfigurationPlatforms) = preSolution
		Debug|Any CPU = Debug|Any CPU
		Release|Any CPU = Release|Any CPU
	EndGlobalSection
	GlobalSection(ProjectConfigurationPlatforms) = postSolution
		{A3442DD3-33C1-4311-B885-5A96B76915D1}.Debug|Any CPU.ActiveCfg = Debug|Any CPU
		{A3442DD3-33C1-4311-B885-5A96B76915D1}.Debug|Any CPU.Build.0 = Debug|Any CPU
		{A3442DD3-33C1-4311-B885-5A96B76915D1}.Release|Any CPU.ActiveCfg = Release|Any CPU
		{A3442DD3-33C1-4311-B885-5A96B76915D1}.Release|Any CPU.Build.0 = Release|Any CPU
		{B9F71754-7421-428E-A276-C1B1AA13ECC7}.Debug|Any CPU.ActiveCfg = Debug|Any CPU
		{B9F71754-7421-428E-A276-C1B1AA13ECC7}.Debug|Any CPU.Build.0 = Debug|Any CPU
		{B9F71754-7421-428E-A276-C1B1AA13ECC7}.Release|Any CPU.ActiveCfg = Release|Any CPU
		{B9F71754-7421-428E-A276-C1B1AA13ECC7}.Release|Any CPU.Build.0 = Release|Any CPU
		{71D1E888-3C18-442B-AEC3-F2524147B2FB}.Debug|Any CPU.ActiveCfg = Debug|Any CPU
		{71D1E888-3C18-442B-AEC3-F2524147B2FB}.Debug|Any CPU.Build.0 = Debug|Any CPU
		{71D1E888-3C18-442B-AEC3-F2524147B2FB}.Release|Any CPU.ActiveCfg = Release|Any CPU
		{71D1E888-3C18-442B-AEC3-F2524147B2FB}.Release|Any CPU.Build.0 = Release|Any CPU
	EndGlobalSection
	GlobalSection(SolutionProperties) = preSolution
		HideSolutionNode = FALSE
	EndGlobalSection
	GlobalSection(ExtensibilityGlobals) = postSolution
		SolutionGuid = {721EB85D-00C4-452E-A6FA-FED934DDD3A3}
	EndGlobalSection
EndGlobal
